<?xml version="1.0" encoding="utf-8"?>
<Project ToolsVersion="4.0" xmlns="http://schemas.microsoft.com/developer/msbuild/2003">
  <ItemGroup>
    <Filter Include="源文件">
      <UniqueIdentifier>{4FC737F1-C7A5-4376-A066-2A32D752A2FF}</UniqueIdentifier>
      <Extensions>cpp;c;cc;cxx;c++;cppm;ixx;def;odl;idl;hpj;bat;asm;asmx</Extensions>
    </Filter>
    <Filter Include="头文件">
      <UniqueIdentifier>{93995380-89BD-4b04-88EB-625FBE52EBFB}</UniqueIdentifier>
      <Extensions>h;hh;hpp;hxx;h++;hm;inl;inc;ipp;xsd</Extensions>
    </Filter>
    <Filter Include="资源文件">
      <UniqueIdentifier>{67DA6AB6-F800-4c08-8B7A-83BB121AAD01}</UniqueIdentifier>
      <Extensions>rc;ico;cur;bmp;dlg;rc2;rct;bin;rgs;gif;jpg;jpeg;jpe;resx;tiff;tif;png;wav;mfcribbon-ms</Extensions>
    </Filter>
  </ItemGroup>
  <ItemGroup>
    <ClCompile Include="charpter_10x_opp_3.cpp">
      <Filter>源文件</Filter>
    </ClCompile>
    <ClCompile Include="charpter_10x_opp_3_1.cpp">
      <Filter>源文件</Filter>
    </ClCompile>
    <ClCompile Include="charpter_3.cpp">
      <Filter>源文件</Filter>
    </ClCompile>
    <ClCompile Include="charpter_3_1_char.cpp">
      <Filter>源文件</Filter>
    </ClCompile>
    <ClCompile Include="charpter_3_2_char.cpp">
      <Filter>源文件</Filter>
    </ClCompile>
    <ClCompile Include="charpter_3_3_float.cpp">
      <Filter>源文件</Filter>
    </ClCompile>
    <ClCompile Include="charpter_0_1_head.cpp">
      <Filter>源文件</Filter>
    </ClCompile>
    <ClCompile Include="charpter_0_1_head_1.cpp">
      <Filter>源文件</Filter>
    </ClCompile>
    <ClCompile Include="charpter_2.cpp">
      <Filter>源文件</Filter>
    </ClCompile>
    <ClCompile Include="charpter_10x_opp_2.cpp">
      <Filter>源文件</Filter>
    </ClCompile>
    <ClCompile Include="charpter_4_0_fuheleixing.cpp">
      <Filter>源文件</Filter>
    </ClCompile>
    <ClCompile Include="charpter_4_1_shuzu.cpp">
      <Filter>源文件</Filter>
    </ClCompile>
    <ClCompile Include="charpter_4_2_zifuchuan.cpp">
      <Filter>源文件</Filter>
    </ClCompile>
    <ClCompile Include="charpter_4_2_zifuchuan_1.cpp">
      <Filter>源文件</Filter>
    </ClCompile>
    <ClCompile Include="charpter_4_2_zifuchuan_2.cpp">
      <Filter>源文件</Filter>
    </ClCompile>
    <ClCompile Include="charpter_4_3_0_string.cpp">
      <Filter>源文件</Filter>
    </ClCompile>
    <ClCompile Include="charpter_4_3_1_string.cpp">
      <Filter>源文件</Filter>
    </ClCompile>
    <ClCompile Include="charpter_4_4_structure.cpp">
      <Filter>源文件</Filter>
    </ClCompile>
    <ClCompile Include="charpter_4_5_gongtongti.cpp">
      <Filter>源文件</Filter>
    </ClCompile>
    <ClCompile Include="charpter_4_6_enum.cpp">
      <Filter>源文件</Filter>
    </ClCompile>
    <ClCompile Include="charpter_4_7_0_pointer.cpp">
      <Filter>源文件</Filter>
    </ClCompile>
    <ClCompile Include="charpter_100_0.cpp">
      <Filter>源文件</Filter>
    </ClCompile>
    <ClCompile Include="charpter_17_30.cpp">
      <Filter>源文件</Filter>
    </ClCompile>
    <ClCompile Include="charpter_4_7_8_pointer.cpp">
      <Filter>源文件</Filter>
    </ClCompile>
    <ClCompile Include="charpter_4_8_3_pointer.cpp">
      <Filter>源文件</Filter>
    </ClCompile>
    <ClCompile Include="charpter_4_8_4_pointer.cpp">
      <Filter>源文件</Filter>
    </ClCompile>
    <ClCompile Include="charpter_4_9_combination.cpp">
      <Filter>源文件</Filter>
    </ClCompile>
    <ClCompile Include="charpter_4_10_replacement.cpp">
      <Filter>源文件</Filter>
    </ClCompile>
    <ClCompile Include="charpter_7_1_function.cpp">
      <Filter>源文件</Filter>
    </ClCompile>
    <ClCompile Include="charpter_7_0_function.cpp">
      <Filter>源文件</Filter>
    </ClCompile>
    <ClCompile Include="charpter_7_2_function.cpp">
      <Filter>源文件</Filter>
    </ClCompile>
    <ClCompile Include="charpter_7_3_0_function.cpp">
      <Filter>源文件</Filter>
    </ClCompile>
    <ClCompile Include="charpter_4_8_5_pointer.cpp">
      <Filter>源文件</Filter>
    </ClCompile>
    <ClCompile Include="charpter_4_7_9_pointer.cpp">
      <Filter>源文件</Filter>
    </ClCompile>
    <ClCompile Include="charpter_7_3_1_function.cpp">
      <Filter>源文件</Filter>
    </ClCompile>
    <ClCompile Include="charpter_7_3_4_function.cpp">
      <Filter>源文件</Filter>
    </ClCompile>
    <ClCompile Include="charpter_4_8_2_pointer.cpp">
      <Filter>源文件</Filter>
    </ClCompile>
    <ClCompile Include="charpter_7_3_5_function.cpp">
      <Filter>源文件</Filter>
    </ClCompile>
    <ClCompile Include="charpter_7_4_0_function.cpp">
      <Filter>源文件</Filter>
    </ClCompile>
    <ClCompile Include="charpter_7_4_1_function.cpp">
      <Filter>源文件</Filter>
    </ClCompile>
    <ClCompile Include="charpter_7_5_0_function.cpp">
      <Filter>源文件</Filter>
    </ClCompile>
    <ClCompile Include="charpter_7_5_1_function.cpp">
      <Filter>源文件</Filter>
    </ClCompile>
    <ClCompile Include="charpter_7_6_0_function.cpp">
      <Filter>源文件</Filter>
    </ClCompile>
    <ClCompile Include="charpter_7_6_1_function.cpp">
      <Filter>源文件</Filter>
    </ClCompile>
    <ClCompile Include="charpter_7_6_2_function.cpp">
      <Filter>源文件</Filter>
    </ClCompile>
    <ClCompile Include="charpter_7_7_0_function.cpp">
      <Filter>源文件</Filter>
    </ClCompile>
    <ClCompile Include="charpter_7_8_0_function.cpp">
      <Filter>源文件</Filter>
    </ClCompile>
    <ClCompile Include="charpter_7_9_0_function.cpp">
      <Filter>源文件</Filter>
    </ClCompile>
    <ClCompile Include="charpter_7_10_0_function.cpp">
      <Filter>源文件</Filter>
    </ClCompile>
    <ClCompile Include="charpter_7_10_3_function.cpp">
      <Filter>源文件</Filter>
    </ClCompile>
    <ClCompile Include="charpter_8_1_1_function.cpp">
      <Filter>源文件</Filter>
    </ClCompile>
    <ClCompile Include="charpter_8_2_1_function.cpp">
      <Filter>源文件</Filter>
    </ClCompile>
    <ClCompile Include="charpter_8_2_2_function.cpp">
      <Filter>源文件</Filter>
    </ClCompile>
    <ClCompile Include="charpter_8_2_3_function.cpp">
      <Filter>源文件</Filter>
    </ClCompile>
    <ClCompile Include="charpter_8_2_4_0_function.cpp">
      <Filter>源文件</Filter>
    </ClCompile>
    <ClCompile Include="charpter_8_2_4_1_function.cpp">
      <Filter>源文件</Filter>
    </ClCompile>
    <ClCompile Include="charpter_8_2_5_function.cpp">
      <Filter>源文件</Filter>
    </ClCompile>
    <ClCompile Include="charpter_8_2_6_function.cpp">
      <Filter>源文件</Filter>
    </ClCompile>
    <ClCompile Include="charpter_8_2_7_function.cpp">
      <Filter>源文件</Filter>
    </ClCompile>
    <ClCompile Include="charpter_8_3_0_function.cpp">
      <Filter>源文件</Filter>
    </ClCompile>
    <ClCompile Include="charpter_8_4_1_function.cpp">
      <Filter>源文件</Filter>
    </ClCompile>
    <ClCompile Include="charpter_8_5_0_function.cpp">
      <Filter>源文件</Filter>
    </ClCompile>
    <ClCompile Include="charpter_8_5_1_function.cpp">
      <Filter>源文件</Filter>
    </ClCompile>
    <ClCompile Include="charpter_8_5_3_function.cpp">
      <Filter>源文件</Filter>
    </ClCompile>
    <ClCompile Include="charpter_9_1_0_function.cpp">
      <Filter>源文件</Filter>
    </ClCompile>
    <ClCompile Include="charpter_9_1_1_function.cpp">
      <Filter>源文件</Filter>
    </ClCompile>
    <ClCompile Include="charpter_9_2_2.cpp">
      <Filter>源文件</Filter>
    </ClCompile>
    <ClCompile Include="charpter_9_2_4.cpp">
      <Filter>源文件</Filter>
    </ClCompile>
    <ClCompile Include="charpter_9_2_4_1.cpp">
      <Filter>源文件</Filter>
    </ClCompile>
    <ClCompile Include="charpter_9_2_5.cpp">
      <Filter>源文件</Filter>
    </ClCompile>
    <ClCompile Include="charpter_9_2_5_1.cpp">
      <Filter>源文件</Filter>
    </ClCompile>
    <ClCompile Include="charpter_9_2_6.cpp">
      <Filter>源文件</Filter>
    </ClCompile>
    <ClCompile Include="charpter_9_2_7.cpp">
      <Filter>源文件</Filter>
    </ClCompile>
    <ClCompile Include="charpter_9_2_7_1.cpp">
      <Filter>源文件</Filter>
    </ClCompile>
    <ClCompile Include="charpter_9_2_10.cpp">
      <Filter>源文件</Filter>
    </ClCompile>
    <ClCompile Include="charpter_9_3.cpp">
      <Filter>源文件</Filter>
    </ClCompile>
    <ClCompile Include="charpter_9_3_3.cpp">
      <Filter>源文件</Filter>
    </ClCompile>
    <ClCompile Include="charpter_9_3_3_1.cpp">
      <Filter>源文件</Filter>
    </ClCompile>
    <ClCompile Include="charpter_10_2_2.cpp">
      <Filter>源文件</Filter>
    </ClCompile>
  </ItemGroup>
  <ItemGroup>
    <None Include="ctp\error.dtd" />
    <None Include="ctp\thostmduserapi_se.dll" />
    <None Include="ctp\thosttraderapi_se.dll" />
    <None Include=".gitignore" />
  </ItemGroup>
  <ItemGroup>
    <Xml Include="ctp\error.xml" />
  </ItemGroup>
  <ItemGroup>
    <ClInclude Include="ctp\ThostFtdcMdApi.h">
      <Filter>头文件</Filter>
    </ClInclude>
    <ClInclude Include="ctp\ThostFtdcTraderApi.h">
      <Filter>头文件</Filter>
    </ClInclude>
    <ClInclude Include="ctp\ThostFtdcUserApiDataType.h">
      <Filter>头文件</Filter>
    </ClInclude>
    <ClInclude Include="ctp\ThostFtdcUserApiStruct.h">
      <Filter>头文件</Filter>
    </ClInclude>
    <ClInclude Include="resource.h">
      <Filter>头文件</Filter>
    </ClInclude>
    <ClInclude Include="charpter_0_head.h">
      <Filter>头文件</Filter>
    </ClInclude>
    <ClInclude Include="ctp\tradehandler.h">
      <Filter>头文件</Filter>
    </ClInclude>
    <ClInclude Include="charpter_0_log.h">
      <Filter>头文件</Filter>
    </ClInclude>
    <ClInclude Include="charpter_9_1_1_head.h">
      <Filter>头文件</Filter>
    </ClInclude>
    <ClInclude Include="charpter_9_2_7_10_head.h">
      <Filter>头文件</Filter>
    </ClInclude>
    <ClInclude Include="charpter_9_2_7_11_head.h">
      <Filter>头文件</Filter>
    </ClInclude>
    <ClInclude Include="charpter_9_2_7_12_head.h">
      <Filter>头文件</Filter>
    </ClInclude>
    <ClInclude Include="charpter_9_3_1.h">
      <Filter>头文件</Filter>
    </ClInclude>
    <ClInclude Include="charpter_10_2_2.h">
      <Filter>头文件</Filter>
    </ClInclude>
  </ItemGroup>
  <ItemGroup>
    <Library Include="ctp\thostmduserapi_se.lib" />
    <Library Include="ctp\thosttraderapi_se.lib" />
  </ItemGroup>
  <ItemGroup>
    <ResourceCompile Include="Cplus_research.rc">
      <Filter>资源文件</Filter>
    </ResourceCompile>
  </ItemGroup>
</Project>